
Microsoft Visual Studio Solution File, Format Version 12.00
# Visual Studio 2013
VisualStudioVersion = 12.0.40629.0
MinimumVisualStudioVersion = 10.0.40219.1
Project("{FAE04EC0-301F-11D3-BF4B-00C04F79EFBC}") = "testJS", "testJS\testJS.csproj", "{3A3063BA-BC2E-4A91-B893-5713D1D16BC6}"
	ProjectSection(ProjectDependencies) = postProject
		{54025206-C4A4-481F-8419-30DEC72D12E9} = {54025206-C4A4-481F-8419-30DEC72D12E9}
	EndProjectSection
EndProject
Project("{FAE04EC0-301F-11D3-BF4B-00C04F79EFBC}") = "Backend", "Backend\Backend.csproj", "{DB639CFE-005E-4E82-AAE2-F2F3F3244F45}"
	ProjectSection(ProjectDependencies) = postProject
		{3A3063BA-BC2E-4A91-B893-5713D1D16BC6} = {3A3063BA-BC2E-4A91-B893-5713D1D16BC6}
	EndProjectSection
EndProject
Project("{FAE04EC0-301F-11D3-BF4B-00C04F79EFBC}") = "xmlGen", "xmlGen\xmlGen.csproj", "{54025206-C4A4-481F-8419-30DEC72D12E9}"
EndProject
Global
	GlobalSection(SolutionConfigurationPlatforms) = preSolution
		Debug|Any CPU = Debug|Any CPU
		Release|Any CPU = Release|Any CPU
	EndGlobalSection
	GlobalSection(ProjectConfigurationPlatforms) = postSolution
		{3A3063BA-BC2E-4A91-B893-5713D1D16BC6}.Debug|Any CPU.ActiveCfg = Debug|Any CPU
		{3A3063BA-BC2E-4A91-B893-5713D1D16BC6}.Debug|Any CPU.Build.0 = Debug|Any CPU
		{3A3063BA-BC2E-4A91-B893-5713D1D16BC6}.Release|Any CPU.ActiveCfg = Release|Any CPU
		{3A3063BA-BC2E-4A91-B893-5713D1D16BC6}.Release|Any CPU.Build.0 = Release|Any CPU
		{DB639CFE-005E-4E82-AAE2-F2F3F3244F45}.Debug|Any CPU.ActiveCfg = Debug|Any CPU
		{DB639CFE-005E-4E82-AAE2-F2F3F3244F45}.Debug|Any CPU.Build.0 = Debug|Any CPU
		{DB639CFE-005E-4E82-AAE2-F2F3F3244F45}.Release|Any CPU.ActiveCfg = Release|Any CPU
		{DB639CFE-005E-4E82-AAE2-F2F3F3244F45}.Release|Any CPU.Build.0 = Release|Any CPU
		{54025206-C4A4-481F-8419-30DEC72D12E9}.Debug|Any CPU.ActiveCfg = Debug|Any CPU
		{54025206-C4A4-481F-8419-30DEC72D12E9}.Debug|Any CPU.Build.0 = Debug|Any CPU
		{54025206-C4A4-481F-8419-30DEC72D12E9}.Release|Any CPU.ActiveCfg = Release|Any CPU
		{54025206-C4A4-481F-8419-30DEC72D12E9}.Release|Any CPU.Build.0 = Release|Any CPU
	EndGlobalSection
	GlobalSection(SolutionProperties) = preSolution
		HideSolutionNode = FALSE
	EndGlobalSection
EndGlobal
