
Microsoft Visual Studio Solution File, Format Version 12.00
# Visual Studio 2013
VisualStudioVersion = 12.0.40629.0
MinimumVisualStudioVersion = 10.0.40219.1
Project("{FAE04EC0-301F-11D3-BF4B-00C04F79EFBC}") = "JS", "JS\JS.csproj", "{3A3063BA-BC2E-4A91-B893-5713D1D16BC6}"
	ProjectSection(ProjectDependencies) = postProject
		{54025206-C4A4-481F-8419-30DEC72D12E9} = {54025206-C4A4-481F-8419-30DEC72D12E9}
	EndProjectSection
EndProject
Project("{FAE04EC0-301F-11D3-BF4B-00C04F79EFBC}") = "Backend", "Backend\Backend.csproj", "{DB639CFE-005E-4E82-AAE2-F2F3F3244F45}"
	ProjectSection(ProjectDependencies) = postProject
		{53D9752C-34D9-41CB-8281-25F40E9D487A} = {53D9752C-34D9-41CB-8281-25F40E9D487A}
		{AFD63A70-A6F8-499B-A5EB-AE33DFD8A984} = {AFD63A70-A6F8-499B-A5EB-AE33DFD8A984}
	EndProjectSection
EndProject
Project("{FAE04EC0-301F-11D3-BF4B-00C04F79EFBC}") = "xmlGen", "xmlGen\xmlGen.csproj", "{54025206-C4A4-481F-8419-30DEC72D12E9}"
EndProject
Project("{E24C65DC-7377-472B-9ABA-BC803B73C61A}") = "html", "http://localhost:52630", "{AFD63A70-A6F8-499B-A5EB-AE33DFD8A984}"
	ProjectSection(WebsiteProperties) = preProject
		UseIISExpress = "true"
		TargetFrameworkMoniker = ".NETFramework,Version%3Dv4.5"
		Debug.AspNetCompiler.VirtualPath = "/localhost_52630"
		Debug.AspNetCompiler.PhysicalPath = "html\"
		Debug.AspNetCompiler.TargetPath = "PrecompiledWeb\localhost_52630\"
		Debug.AspNetCompiler.Updateable = "true"
		Debug.AspNetCompiler.ForceOverwrite = "true"
		Debug.AspNetCompiler.FixedNames = "false"
		Debug.AspNetCompiler.Debug = "True"
		Release.AspNetCompiler.VirtualPath = "/localhost_52630"
		Release.AspNetCompiler.PhysicalPath = "html\"
		Release.AspNetCompiler.TargetPath = "PrecompiledWeb\localhost_52630\"
		Release.AspNetCompiler.Updateable = "true"
		Release.AspNetCompiler.ForceOverwrite = "true"
		Release.AspNetCompiler.FixedNames = "false"
		Release.AspNetCompiler.Debug = "False"
		SlnRelativePath = "html\"
		DefaultWebSiteLanguage = "Visual C#"
	EndProjectSection
	ProjectSection(ProjectDependencies) = postProject
		{3A3063BA-BC2E-4A91-B893-5713D1D16BC6} = {3A3063BA-BC2E-4A91-B893-5713D1D16BC6}
	EndProjectSection
EndProject
Project("{FAE04EC0-301F-11D3-BF4B-00C04F79EFBC}") = "JSHandlers", "JSHandlers\JSHandlers.csproj", "{EE2C1FE1-7A20-4927-B924-51218D331A2A}"
	ProjectSection(ProjectDependencies) = postProject
		{999F1D81-701A-4219-A78D-6AEAD9C936DB} = {999F1D81-701A-4219-A78D-6AEAD9C936DB}
	EndProjectSection
EndProject
Project("{FAE04EC0-301F-11D3-BF4B-00C04F79EFBC}") = "ClassDelegates", "ClassDelegates\ClassDelegates.csproj", "{999F1D81-701A-4219-A78D-6AEAD9C936DB}"
EndProject
Project("{FAE04EC0-301F-11D3-BF4B-00C04F79EFBC}") = "NTest", "NTest\NTest.csproj", "{B731EBE0-76D6-4980-A674-AEEAF3454756}"
EndProject
Project("{FAE04EC0-301F-11D3-BF4B-00C04F79EFBC}") = "JSWrappers", "JSWrappers\JSWrappers.csproj", "{83B39797-0DE7-4EE3-B1B1-7CD7628FCF2B}"
EndProject
Project("{FAE04EC0-301F-11D3-BF4B-00C04F79EFBC}") = "MetadataReader", "MetadataReader\MetadataReader.csproj", "{53D9752C-34D9-41CB-8281-25F40E9D487A}"
	ProjectSection(ProjectDependencies) = postProject
		{3A3063BA-BC2E-4A91-B893-5713D1D16BC6} = {3A3063BA-BC2E-4A91-B893-5713D1D16BC6}
	EndProjectSection
EndProject
Global
	GlobalSection(SolutionConfigurationPlatforms) = preSolution
		Debug|Any CPU = Debug|Any CPU
		Release|Any CPU = Release|Any CPU
	EndGlobalSection
	GlobalSection(ProjectConfigurationPlatforms) = postSolution
		{3A3063BA-BC2E-4A91-B893-5713D1D16BC6}.Debug|Any CPU.ActiveCfg = Debug|Any CPU
		{3A3063BA-BC2E-4A91-B893-5713D1D16BC6}.Debug|Any CPU.Build.0 = Debug|Any CPU
		{3A3063BA-BC2E-4A91-B893-5713D1D16BC6}.Release|Any CPU.ActiveCfg = Release|Any CPU
		{3A3063BA-BC2E-4A91-B893-5713D1D16BC6}.Release|Any CPU.Build.0 = Release|Any CPU
		{DB639CFE-005E-4E82-AAE2-F2F3F3244F45}.Debug|Any CPU.ActiveCfg = Debug|Any CPU
		{DB639CFE-005E-4E82-AAE2-F2F3F3244F45}.Debug|Any CPU.Build.0 = Debug|Any CPU
		{DB639CFE-005E-4E82-AAE2-F2F3F3244F45}.Release|Any CPU.ActiveCfg = Release|Any CPU
		{DB639CFE-005E-4E82-AAE2-F2F3F3244F45}.Release|Any CPU.Build.0 = Release|Any CPU
		{54025206-C4A4-481F-8419-30DEC72D12E9}.Debug|Any CPU.ActiveCfg = Debug|Any CPU
		{54025206-C4A4-481F-8419-30DEC72D12E9}.Debug|Any CPU.Build.0 = Debug|Any CPU
		{54025206-C4A4-481F-8419-30DEC72D12E9}.Release|Any CPU.ActiveCfg = Release|Any CPU
		{54025206-C4A4-481F-8419-30DEC72D12E9}.Release|Any CPU.Build.0 = Release|Any CPU
		{AFD63A70-A6F8-499B-A5EB-AE33DFD8A984}.Debug|Any CPU.ActiveCfg = Debug|Any CPU
		{AFD63A70-A6F8-499B-A5EB-AE33DFD8A984}.Debug|Any CPU.Build.0 = Debug|Any CPU
		{AFD63A70-A6F8-499B-A5EB-AE33DFD8A984}.Release|Any CPU.ActiveCfg = Debug|Any CPU
		{AFD63A70-A6F8-499B-A5EB-AE33DFD8A984}.Release|Any CPU.Build.0 = Debug|Any CPU
		{EE2C1FE1-7A20-4927-B924-51218D331A2A}.Debug|Any CPU.ActiveCfg = Debug|Any CPU
		{EE2C1FE1-7A20-4927-B924-51218D331A2A}.Debug|Any CPU.Build.0 = Debug|Any CPU
		{EE2C1FE1-7A20-4927-B924-51218D331A2A}.Release|Any CPU.ActiveCfg = Release|Any CPU
		{EE2C1FE1-7A20-4927-B924-51218D331A2A}.Release|Any CPU.Build.0 = Release|Any CPU
		{999F1D81-701A-4219-A78D-6AEAD9C936DB}.Debug|Any CPU.ActiveCfg = Debug|Any CPU
		{999F1D81-701A-4219-A78D-6AEAD9C936DB}.Debug|Any CPU.Build.0 = Debug|Any CPU
		{999F1D81-701A-4219-A78D-6AEAD9C936DB}.Release|Any CPU.ActiveCfg = Release|Any CPU
		{999F1D81-701A-4219-A78D-6AEAD9C936DB}.Release|Any CPU.Build.0 = Release|Any CPU
		{B731EBE0-76D6-4980-A674-AEEAF3454756}.Debug|Any CPU.ActiveCfg = Debug|Any CPU
		{B731EBE0-76D6-4980-A674-AEEAF3454756}.Debug|Any CPU.Build.0 = Debug|Any CPU
		{B731EBE0-76D6-4980-A674-AEEAF3454756}.Release|Any CPU.ActiveCfg = Release|Any CPU
		{B731EBE0-76D6-4980-A674-AEEAF3454756}.Release|Any CPU.Build.0 = Release|Any CPU
		{83B39797-0DE7-4EE3-B1B1-7CD7628FCF2B}.Debug|Any CPU.ActiveCfg = Debug|Any CPU
		{83B39797-0DE7-4EE3-B1B1-7CD7628FCF2B}.Debug|Any CPU.Build.0 = Debug|Any CPU
		{83B39797-0DE7-4EE3-B1B1-7CD7628FCF2B}.Release|Any CPU.ActiveCfg = Release|Any CPU
		{83B39797-0DE7-4EE3-B1B1-7CD7628FCF2B}.Release|Any CPU.Build.0 = Release|Any CPU
		{53D9752C-34D9-41CB-8281-25F40E9D487A}.Debug|Any CPU.ActiveCfg = Debug|Any CPU
		{53D9752C-34D9-41CB-8281-25F40E9D487A}.Debug|Any CPU.Build.0 = Debug|Any CPU
		{53D9752C-34D9-41CB-8281-25F40E9D487A}.Release|Any CPU.ActiveCfg = Release|Any CPU
		{53D9752C-34D9-41CB-8281-25F40E9D487A}.Release|Any CPU.Build.0 = Release|Any CPU
	EndGlobalSection
	GlobalSection(SolutionProperties) = preSolution
		HideSolutionNode = FALSE
	EndGlobalSection
EndGlobal
